
Microsoft Visual Studio Solution File, Format Version 12.00
# Visual Studio Version 17
VisualStudioVersion = 17.9.34622.214
MinimumVisualStudioVersion = 10.0.40219.1
Project("{FAE04EC0-301F-11D3-BF4B-00C04F79EFBC}") = "AppInventario", "AppInventario.csproj", "{4D1746EE-2D83-400D-8EF6-9021D923899C}"
EndProject
Global
	GlobalSection(SolutionConfigurationPlatforms) = preSolution
		Debug|Any CPU = Debug|Any CPU
		Release|Any CPU = Release|Any CPU
	EndGlobalSection
	GlobalSection(ProjectConfigurationPlatforms) = postSolution
		{4D1746EE-2D83-400D-8EF6-9021D923899C}.Debug|Any CPU.ActiveCfg = Debug|Any CPU
		{4D1746EE-2D83-400D-8EF6-9021D923899C}.Debug|Any CPU.Build.0 = Debug|Any CPU
		{4D1746EE-2D83-400D-8EF6-9021D923899C}.Debug|Any CPU.Deploy.0 = Debug|Any CPU
		{4D1746EE-2D83-400D-8EF6-9021D923899C}.Release|Any CPU.ActiveCfg = Release|Any CPU
		{4D1746EE-2D83-400D-8EF6-9021D923899C}.Release|Any CPU.Build.0 = Release|Any CPU
		{4D1746EE-2D83-400D-8EF6-9021D923899C}.Release|Any CPU.Deploy.0 = Release|Any CPU
	EndGlobalSection
	GlobalSection(SolutionProperties) = preSolution
		HideSolutionNode = FALSE
	EndGlobalSection
	GlobalSection(ExtensibilityGlobals) = postSolution
		SolutionGuid = {24B64A0B-1E3C-4923-ACD8-E343112F4587}
	EndGlobalSection
EndGlobal
